<?xml version="1.0" encoding="utf-8"?>
<Project ToolsVersion="4.0" xmlns="http://schemas.microsoft.com/developer/msbuild/2003">
  <ItemGroup>
    <Filter Include="Source Files">
      <UniqueIdentifier>{4FC737F1-C7A5-4376-A066-2A32D752A2FF}</UniqueIdentifier>
      <Extensions>cpp;c;cc;cxx;c++;cppm;ixx;def;odl;idl;hpj;bat;asm;asmx</Extensions>
    </Filter>
    <Filter Include="Header Files">
      <UniqueIdentifier>{93995380-89BD-4b04-88EB-625FBE52EBFB}</UniqueIdentifier>
      <Extensions>h;hh;hpp;hxx;h++;hm;inl;inc;ipp;xsd</Extensions>
    </Filter>
    <Filter Include="Resource Files">
      <UniqueIdentifier>{67DA6AB6-F800-4c08-8B7A-83BB121AAD01}</UniqueIdentifier>
      <Extensions>rc;ico;cur;bmp;dlg;rc2;rct;bin;rgs;gif;jpg;jpeg;jpe;resx;tiff;tif;png;wav;mfcribbon-ms</Extensions>
    </Filter>
  </ItemGroup>
  <ItemGroup>
    <ClInclude Include="NovaScript\ASTNodes\ASTNode.h">
      <Filter>Header Files</Filter>
    </ClInclude>
    <ClInclude Include="NovaScript\ASTNodes\ExprNode.h">
      <Filter>Header Files</Filter>
    </ClInclude>
    <ClInclude Include="NovaScript\ASTNodes\ProgramNode.h">
      <Filter>Header Files</Filter>
    </ClInclude>
    <ClInclude Include="NovaScript\ASTNodes\StmtNode.h">
      <Filter>Header Files</Filter>
    </ClInclude>
    <ClInclude Include="NovaScript\Interpretor\Interpretor.h">
      <Filter>Header Files</Filter>
    </ClInclude>
    <ClInclude Include="NovaScript\Interpretor\Scope.h">
      <Filter>Header Files</Filter>
    </ClInclude>
    <ClInclude Include="NovaScript\Interpretor\Value.h">
      <Filter>Header Files</Filter>
    </ClInclude>
    <ClInclude Include="NovaScript\Library\nova_asset_db.h">
      <Filter>Header Files</Filter>
    </ClInclude>
    <ClInclude Include="NovaScript\Library\nova_io.h">
      <Filter>Header Files</Filter>
    </ClInclude>
    <ClInclude Include="NovaScript\Library\nova_std.h">
      <Filter>Header Files</Filter>
    </ClInclude>
    <ClInclude Include="NovaScript\Library\nova_std_macro.h">
      <Filter>Header Files</Filter>
    </ClInclude>
    <ClInclude Include="NovaScript\Parser\Lexer.h">
      <Filter>Header Files</Filter>
    </ClInclude>
    <ClInclude Include="NovaScript\Parser\Parser.h">
      <Filter>Header Files</Filter>
    </ClInclude>
    <ClInclude Include="NovaScript\Parser\Tokens.h">
      <Filter>Header Files</Filter>
    </ClInclude>
    <ClInclude Include="NovaScript\NovaScript.h">
      <Filter>Header Files</Filter>
    </ClInclude>
    <ClInclude Include="NovaScript\Library\NovaModule.h">
      <Filter>Header Files</Filter>
    </ClInclude>
    <ClInclude Include="NovaScript\NovaScript_API.h">
      <Filter>Header Files</Filter>
    </ClInclude>
    <ClInclude Include="NovaScript\Parser\Optimizer.h">
      <Filter>Header Files</Filter>
    </ClInclude>
    <ClInclude Include="NovaScript\Library\nova_math.h">
      <Filter>Header Files</Filter>
    </ClInclude>
    <ClInclude Include="NovaScript\Value\Value.h">
      <Filter>Header Files</Filter>
    </ClInclude>
    <ClInclude Include="NovaScript\Value\FloatValue.h">
      <Filter>Header Files</Filter>
    </ClInclude>
    <ClInclude Include="NovaScript\Value\IntValue.h">
      <Filter>Header Files</Filter>
    </ClInclude>
    <ClInclude Include="NovaScript\Value\BoolValue.h">
      <Filter>Header Files</Filter>
    </ClInclude>
    <ClInclude Include="NovaScript\Value\StringValue.h">
      <Filter>Header Files</Filter>
    </ClInclude>
    <ClInclude Include="NovaScript\Value\FunctionValue.h">
      <Filter>Header Files</Filter>
    </ClInclude>
    <ClInclude Include="NovaScript\Value\ArrayValue.h">
      <Filter>Header Files</Filter>
    </ClInclude>
    <ClInclude Include="NovaScript\Value\NovaObject.h">
      <Filter>Header Files</Filter>
    </ClInclude>
    <ClInclude Include="NovaScript\Value\SignalValue.h">
      <Filter>Header Files</Filter>
    </ClInclude>
    <ClInclude Include="NovaScript\Library\nova_functional.h">
      <Filter>Header Files</Filter>
    </ClInclude>
    <ClInclude Include="NovaScript\Library\nova_types.h">
      <Filter>Header Files</Filter>
    </ClInclude>
    <ClInclude Include="NovaScript\Value\NullValue.h">
      <Filter>Header Files</Filter>
    </ClInclude>
    <ClInclude Include="NovaScript\Library\nova_os.h">
      <Filter>Header Files</Filter>
    </ClInclude>
    <ClInclude Include="NovaScript\Library\nova_global.h">
      <Filter>Header Files</Filter>
    </ClInclude>
  </ItemGroup>
  <ItemGroup>
    <ClCompile Include="Src\EvaluateExpression.cpp">
      <Filter>Source Files</Filter>
    </ClCompile>
    <ClCompile Include="Src\EvaluateStatement.cpp">
      <Filter>Source Files</Filter>
    </ClCompile>
    <ClCompile Include="Src\Interpretor.cpp">
      <Filter>Source Files</Filter>
    </ClCompile>
    <ClCompile Include="Src\Scope.cpp">
      <Filter>Source Files</Filter>
    </ClCompile>
    <ClCompile Include="Src\NovaTypes\Value.cpp">
      <Filter>Source Files</Filter>
    </ClCompile>
    <ClCompile Include="Src\Lexer.cpp">
      <Filter>Source Files</Filter>
    </ClCompile>
    <ClCompile Include="Src\Parser.cpp">
      <Filter>Source Files</Filter>
    </ClCompile>
    <ClCompile Include="NovaScript.cpp">
      <Filter>Source Files</Filter>
    </ClCompile>
    <ClCompile Include="NovaErrorPush.cpp">
      <Filter>Source Files</Filter>
    </ClCompile>
    <ClCompile Include="Src\NovaModule.cpp">
      <Filter>Source Files</Filter>
    </ClCompile>
    <ClCompile Include="Src\Optimizer.cpp">
      <Filter>Source Files</Filter>
    </ClCompile>
    <ClCompile Include="Src\NovaTypes\IntValue.cpp">
      <Filter>Source Files</Filter>
    </ClCompile>
    <ClCompile Include="Src\NovaTypes\FloatValue.cpp">
      <Filter>Source Files</Filter>
    </ClCompile>
    <ClCompile Include="Src\NovaTypes\BoolValue.cpp">
      <Filter>Source Files</Filter>
    </ClCompile>
    <ClCompile Include="Src\NovaTypes\StringValue.cpp">
      <Filter>Source Files</Filter>
    </ClCompile>
    <ClCompile Include="Src\NovaTypes\FunctionValue.cpp">
      <Filter>Source Files</Filter>
    </ClCompile>
    <ClCompile Include="Src\NovaTypes\ArrayValue.cpp">
      <Filter>Source Files</Filter>
    </ClCompile>
    <ClCompile Include="Src\NovaTypes\NovaObject.cpp">
      <Filter>Source Files</Filter>
    </ClCompile>
    <ClCompile Include="Src\NovaTypes\SignalValue.cpp">
      <Filter>Source Files</Filter>
    </ClCompile>
    <ClCompile Include="Src\NovaTypes\NullValue.cpp">
      <Filter>Source Files</Filter>
    </ClCompile>
  </ItemGroup>
  <ItemGroup>
    <None Include="NovaScript\NovaErrorPush.h" />
  </ItemGroup>
</Project>